
Microsoft Visual Studio Solution File, Format Version 12.00
# Visual Studio Version 17
VisualStudioVersion = 17.9.34622.214
MinimumVisualStudioVersion = 10.0.40219.1
Project("{9A19103F-16F7-4668-BE54-9A1E7A4F7556}") = "OOP - Books", "OOP - Books.csproj", "{B8ABD826-7C5F-4790-8659-DD927473A81A}"
EndProject
Global
	GlobalSection(SolutionConfigurationPlatforms) = preSolution
		Debug|Any CPU = Debug|Any CPU
		Release|Any CPU = Release|Any CPU
	EndGlobalSection
	GlobalSection(ProjectConfigurationPlatforms) = postSolution
		{B8ABD826-7C5F-4790-8659-DD927473A81A}.Debug|Any CPU.ActiveCfg = Debug|Any CPU
		{B8ABD826-7C5F-4790-8659-DD927473A81A}.Debug|Any CPU.Build.0 = Debug|Any CPU
		{B8ABD826-7C5F-4790-8659-DD927473A81A}.Release|Any CPU.ActiveCfg = Release|Any CPU
		{B8ABD826-7C5F-4790-8659-DD927473A81A}.Release|Any CPU.Build.0 = Release|Any CPU
	EndGlobalSection
	GlobalSection(SolutionProperties) = preSolution
		HideSolutionNode = FALSE
	EndGlobalSection
	GlobalSection(ExtensibilityGlobals) = postSolution
		SolutionGuid = {3B20BB55-9E1C-482F-9FD5-924F095BE6D6}
	EndGlobalSection
EndGlobal
